{
  "object": {
    "pins": [
      {
        "package": "PasswordTextField",
        "repositoryURL": "https://github.com/muk-y/PasswordTextField.git",
        "state": {
          "branch": "main",
          "revision": "2c2d7fe8b6e0e72b064499e2b76a0257dda180b9",
          "version": null
        }
      }
    ]
  },
  "version": 1
}
