{
  "object": {
    "pins": [
      {
        "package": "PasswordTextField",
        "repositoryURL": "https://github.com/muk-y/PasswordTextField.git",
        "state": {
          "branch": "main",
          "revision": "7b21e95a424924ddbe5259821efd100b53d9f335",
          "version": null
        }
      }
    ]
  },
  "version": 1
}
